// !$*UTF8*$!
{
	archiveVersion = 1;
	classes = {
	};
	objectVersion = 46;
	objects = {

/* Begin PBXBuildFile section */
		1CD60764949BEF2351680330 /* libPods.a in Frameworks */ = {isa = PBXBuildFile; fileRef = 4637DEDDDBC5D9C5578E78F2 /* libPods.a */; };
		CD402FD61B1C13A9006FF62E /* MenuViewController.m in Sources */ = {isa = PBXBuildFile; fileRef = CD402FD51B1C13A9006FF62E /* MenuViewController.m */; };
		CD9C2DB31B1C0AFC0026D72D /* main.m in Sources */ = {isa = PBXBuildFile; fileRef = CD9C2DB21B1C0AFC0026D72D /* main.m */; };
		CD9C2DB61B1C0AFC0026D72D /* AppDelegate.m in Sources */ = {isa = PBXBuildFile; fileRef = CD9C2DB51B1C0AFC0026D72D /* AppDelegate.m */; };
		CD9C2DBE1B1C0AFC0026D72D /* Images.xcassets in Resources */ = {isa = PBXBuildFile; fileRef = CD9C2DBD1B1C0AFC0026D72D /* Images.xcassets */; };
		CD9C2DC11B1C0AFC0026D72D /* LaunchScreen.xib in Resources */ = {isa = PBXBuildFile; fileRef = CD9C2DBF1B1C0AFC0026D72D /* LaunchScreen.xib */; };
		CD9C2DCD1B1C0AFC0026D72D /* TestDynamicDrawerTests.m in Sources */ = {isa = PBXBuildFile; fileRef = CD9C2DCC1B1C0AFC0026D72D /* TestDynamicDrawerTests.m */; };
		CDEC985B1B1DB81A004C4EA9 /* LoginScreenVC.m in Sources */ = {isa = PBXBuildFile; fileRef = CDEC985A1B1DB81A004C4EA9 /* LoginScreenVC.m */; };
		CDEC985F1B1DB831004C4EA9 /* RedScreenVC.m in Sources */ = {isa = PBXBuildFile; fileRef = CDEC985E1B1DB831004C4EA9 /* RedScreenVC.m */; };
		CDEC98631B1DB84F004C4EA9 /* GreenScreenVC.m in Sources */ = {isa = PBXBuildFile; fileRef = CDEC98621B1DB84F004C4EA9 /* GreenScreenVC.m */; };
		CDEC98671B1DB89B004C4EA9 /* HomeScreenVC.m in Sources */ = {isa = PBXBuildFile; fileRef = CDEC98661B1DB89B004C4EA9 /* HomeScreenVC.m */; };
		CDEC986A1B1DC991004C4EA9 /* Main.storyboard in Resources */ = {isa = PBXBuildFile; fileRef = CDEC98681B1DC991004C4EA9 /* Main.storyboard */; };
		CDEC986E1B1DD0F0004C4EA9 /* DynamicsDrawerContainerVC.m in Sources */ = {isa = PBXBuildFile; fileRef = CDEC986D1B1DD0F0004C4EA9 /* DynamicsDrawerContainerVC.m */; };
/* End PBXBuildFile section */

/* Begin PBXContainerItemProxy section */
		CD9C2DC71B1C0AFC0026D72D /* PBXContainerItemProxy */ = {
			isa = PBXContainerItemProxy;
			containerPortal = CD9C2DA51B1C0AFC0026D72D /* Project object */;
			proxyType = 1;
			remoteGlobalIDString = CD9C2DAC1B1C0AFC0026D72D;
			remoteInfo = TestDynamicDrawer;
		};
/* End PBXContainerItemProxy section */

/* Begin PBXFileReference section */
		4637DEDDDBC5D9C5578E78F2 /* libPods.a */ = {isa = PBXFileReference; explicitFileType = archive.ar; includeInIndex = 0; path = libPods.a; sourceTree = BUILT_PRODUCTS_DIR; };
		C1D312EF6935D90320F0ED13 /* Pods.release.xcconfig */ = {isa = PBXFileReference; includeInIndex = 1; lastKnownFileType = text.xcconfig; name = Pods.release.xcconfig; path = "Pods/Target Support Files/Pods/Pods.release.xcconfig"; sourceTree = "<group>"; };
		CD402FD41B1C13A9006FF62E /* MenuViewController.h */ = {isa = PBXFileReference; fileEncoding = 4; lastKnownFileType = sourcecode.c.h; path = MenuViewController.h; sourceTree = "<group>"; };
		CD402FD51B1C13A9006FF62E /* MenuViewController.m */ = {isa = PBXFileReference; fileEncoding = 4; lastKnownFileType = sourcecode.c.objc; path = MenuViewController.m; sourceTree = "<group>"; };
		CD9C2DAD1B1C0AFC0026D72D /* TestDynamicDrawer.app */ = {isa = PBXFileReference; explicitFileType = wrapper.application; includeInIndex = 0; path = TestDynamicDrawer.app; sourceTree = BUILT_PRODUCTS_DIR; };
		CD9C2DB11B1C0AFC0026D72D /* Info.plist */ = {isa = PBXFileReference; lastKnownFileType = text.plist.xml; path = Info.plist; sourceTree = "<group>"; };
		CD9C2DB21B1C0AFC0026D72D /* main.m */ = {isa = PBXFileReference; lastKnownFileType = sourcecode.c.objc; path = main.m; sourceTree = "<group>"; };
		CD9C2DB41B1C0AFC0026D72D /* AppDelegate.h */ = {isa = PBXFileReference; lastKnownFileType = sourcecode.c.h; path = AppDelegate.h; sourceTree = "<group>"; };
		CD9C2DB51B1C0AFC0026D72D /* AppDelegate.m */ = {isa = PBXFileReference; lastKnownFileType = sourcecode.c.objc; path = AppDelegate.m; sourceTree = "<group>"; };
		CD9C2DBD1B1C0AFC0026D72D /* Images.xcassets */ = {isa = PBXFileReference; lastKnownFileType = folder.assetcatalog; path = Images.xcassets; sourceTree = "<group>"; };
		CD9C2DC01B1C0AFC0026D72D /* Base */ = {isa = PBXFileReference; lastKnownFileType = file.xib; name = Base; path = Base.lproj/LaunchScreen.xib; sourceTree = "<group>"; };
		CD9C2DC61B1C0AFC0026D72D /* TestDynamicDrawerTests.xctest */ = {isa = PBXFileReference; explicitFileType = wrapper.cfbundle; includeInIndex = 0; path = TestDynamicDrawerTests.xctest; sourceTree = BUILT_PRODUCTS_DIR; };
		CD9C2DCB1B1C0AFC0026D72D /* Info.plist */ = {isa = PBXFileReference; lastKnownFileType = text.plist.xml; path = Info.plist; sourceTree = "<group>"; };
		CD9C2DCC1B1C0AFC0026D72D /* TestDynamicDrawerTests.m */ = {isa = PBXFileReference; lastKnownFileType = sourcecode.c.objc; path = TestDynamicDrawerTests.m; sourceTree = "<group>"; };
		CDEC98591B1DB81A004C4EA9 /* LoginScreenVC.h */ = {isa = PBXFileReference; fileEncoding = 4; lastKnownFileType = sourcecode.c.h; path = LoginScreenVC.h; sourceTree = "<group>"; };
		CDEC985A1B1DB81A004C4EA9 /* LoginScreenVC.m */ = {isa = PBXFileReference; fileEncoding = 4; lastKnownFileType = sourcecode.c.objc; path = LoginScreenVC.m; sourceTree = "<group>"; };
		CDEC985D1B1DB831004C4EA9 /* RedScreenVC.h */ = {isa = PBXFileReference; fileEncoding = 4; lastKnownFileType = sourcecode.c.h; path = RedScreenVC.h; sourceTree = "<group>"; };
		CDEC985E1B1DB831004C4EA9 /* RedScreenVC.m */ = {isa = PBXFileReference; fileEncoding = 4; lastKnownFileType = sourcecode.c.objc; path = RedScreenVC.m; sourceTree = "<group>"; };
		CDEC98611B1DB84F004C4EA9 /* GreenScreenVC.h */ = {isa = PBXFileReference; fileEncoding = 4; lastKnownFileType = sourcecode.c.h; path = GreenScreenVC.h; sourceTree = "<group>"; };
		CDEC98621B1DB84F004C4EA9 /* GreenScreenVC.m */ = {isa = PBXFileReference; fileEncoding = 4; lastKnownFileType = sourcecode.c.objc; path = GreenScreenVC.m; sourceTree = "<group>"; };
		CDEC98651B1DB89B004C4EA9 /* HomeScreenVC.h */ = {isa = PBXFileReference; fileEncoding = 4; lastKnownFileType = sourcecode.c.h; path = HomeScreenVC.h; sourceTree = "<group>"; };
		CDEC98661B1DB89B004C4EA9 /* HomeScreenVC.m */ = {isa = PBXFileReference; fileEncoding = 4; lastKnownFileType = sourcecode.c.objc; path = HomeScreenVC.m; sourceTree = "<group>"; };
		CDEC98691B1DC991004C4EA9 /* Base */ = {isa = PBXFileReference; lastKnownFileType = file.storyboard; name = Base; path = TestDynamicDrawer/Base.lproj/Main.storyboard; sourceTree = "<group>"; };
		CDEC986C1B1DD0F0004C4EA9 /* DynamicsDrawerContainerVC.h */ = {isa = PBXFileReference; fileEncoding = 4; lastKnownFileType = sourcecode.c.h; path = DynamicsDrawerContainerVC.h; sourceTree = "<group>"; };
		CDEC986D1B1DD0F0004C4EA9 /* DynamicsDrawerContainerVC.m */ = {isa = PBXFileReference; fileEncoding = 4; lastKnownFileType = sourcecode.c.objc; path = DynamicsDrawerContainerVC.m; sourceTree = "<group>"; };
		ED6A0B57D44BE4C1C007A147 /* Pods.debug.xcconfig */ = {isa = PBXFileReference; includeInIndex = 1; lastKnownFileType = text.xcconfig; name = Pods.debug.xcconfig; path = "Pods/Target Support Files/Pods/Pods.debug.xcconfig"; sourceTree = "<group>"; };
/* End PBXFileReference section */

/* Begin PBXFrameworksBuildPhase section */
		CD9C2DAA1B1C0AFC0026D72D /* Frameworks */ = {
			isa = PBXFrameworksBuildPhase;
			buildActionMask = 2147483647;
			files = (
				1CD60764949BEF2351680330 /* libPods.a in Frameworks */,
			);
			runOnlyForDeploymentPostprocessing = 0;
		};
		CD9C2DC31B1C0AFC0026D72D /* Frameworks */ = {
			isa = PBXFrameworksBuildPhase;
			buildActionMask = 2147483647;
			files = (
			);
			runOnlyForDeploymentPostprocessing = 0;
		};
/* End PBXFrameworksBuildPhase section */

/* Begin PBXGroup section */
		1571E2123D76E35A5867A331 /* Frameworks */ = {
			isa = PBXGroup;
			children = (
				4637DEDDDBC5D9C5578E78F2 /* libPods.a */,
			);
			name = Frameworks;
			sourceTree = "<group>";
		};
		AA6463DDE67400F56F113172 /* Pods */ = {
			isa = PBXGroup;
			children = (
				ED6A0B57D44BE4C1C007A147 /* Pods.debug.xcconfig */,
				C1D312EF6935D90320F0ED13 /* Pods.release.xcconfig */,
			);
			name = Pods;
			sourceTree = "<group>";
		};
		CD402FD31B1C1396006FF62E /* MenuVC */ = {
			isa = PBXGroup;
			children = (
				CD402FD41B1C13A9006FF62E /* MenuViewController.h */,
				CD402FD51B1C13A9006FF62E /* MenuViewController.m */,
			);
			name = MenuVC;
			sourceTree = "<group>";
		};
		CD9C2DA41B1C0AFC0026D72D = {
			isa = PBXGroup;
			children = (
				CD9C2DAF1B1C0AFC0026D72D /* TestDynamicDrawer */,
				CD9C2DC91B1C0AFC0026D72D /* TestDynamicDrawerTests */,
				CD9C2DAE1B1C0AFC0026D72D /* Products */,
				AA6463DDE67400F56F113172 /* Pods */,
				1571E2123D76E35A5867A331 /* Frameworks */,
			);
			sourceTree = "<group>";
		};
		CD9C2DAE1B1C0AFC0026D72D /* Products */ = {
			isa = PBXGroup;
			children = (
				CD9C2DAD1B1C0AFC0026D72D /* TestDynamicDrawer.app */,
				CD9C2DC61B1C0AFC0026D72D /* TestDynamicDrawerTests.xctest */,
			);
			name = Products;
			sourceTree = "<group>";
		};
		CD9C2DAF1B1C0AFC0026D72D /* TestDynamicDrawer */ = {
			isa = PBXGroup;
			children = (
				CDEC986B1B1DD0AC004C4EA9 /* DynamicsDrawerContainerVC */,
				CD9C2DB41B1C0AFC0026D72D /* AppDelegate.h */,
				CD9C2DB51B1C0AFC0026D72D /* AppDelegate.m */,
				CD402FD31B1C1396006FF62E /* MenuVC */,
				CDEC98561B1DB7D0004C4EA9 /* LoginScreenVC */,
				CDEC98641B1DB882004C4EA9 /* HomeScreenVC */,
				CDEC98581B1DB800004C4EA9 /* GreenScreenVC */,
				CDEC98571B1DB7DD004C4EA9 /* RedScreenVC */,
				CD9C2DBD1B1C0AFC0026D72D /* Images.xcassets */,
				CD9C2DBF1B1C0AFC0026D72D /* LaunchScreen.xib */,
				CD9C2DB01B1C0AFC0026D72D /* Supporting Files */,
			);
			path = TestDynamicDrawer;
			sourceTree = "<group>";
		};
		CD9C2DB01B1C0AFC0026D72D /* Supporting Files */ = {
			isa = PBXGroup;
			children = (
				CD9C2DB11B1C0AFC0026D72D /* Info.plist */,
				CD9C2DB21B1C0AFC0026D72D /* main.m */,
			);
			name = "Supporting Files";
			sourceTree = "<group>";
		};
		CD9C2DC91B1C0AFC0026D72D /* TestDynamicDrawerTests */ = {
			isa = PBXGroup;
			children = (
				CD9C2DCC1B1C0AFC0026D72D /* TestDynamicDrawerTests.m */,
				CD9C2DCA1B1C0AFC0026D72D /* Supporting Files */,
			);
			path = TestDynamicDrawerTests;
			sourceTree = "<group>";
		};
		CD9C2DCA1B1C0AFC0026D72D /* Supporting Files */ = {
			isa = PBXGroup;
			children = (
				CD9C2DCB1B1C0AFC0026D72D /* Info.plist */,
			);
			name = "Supporting Files";
			sourceTree = "<group>";
		};
		CDEC98561B1DB7D0004C4EA9 /* LoginScreenVC */ = {
			isa = PBXGroup;
			children = (
				CDEC98591B1DB81A004C4EA9 /* LoginScreenVC.h */,
				CDEC985A1B1DB81A004C4EA9 /* LoginScreenVC.m */,
			);
			name = LoginScreenVC;
			sourceTree = "<group>";
		};
		CDEC98571B1DB7DD004C4EA9 /* RedScreenVC */ = {
			isa = PBXGroup;
			children = (
				CDEC98681B1DC991004C4EA9 /* Main.storyboard */,
				CDEC985D1B1DB831004C4EA9 /* RedScreenVC.h */,
				CDEC985E1B1DB831004C4EA9 /* RedScreenVC.m */,
			);
			name = RedScreenVC;
			sourceTree = "<group>";
		};
		CDEC98581B1DB800004C4EA9 /* GreenScreenVC */ = {
			isa = PBXGroup;
			children = (
				CDEC98611B1DB84F004C4EA9 /* GreenScreenVC.h */,
				CDEC98621B1DB84F004C4EA9 /* GreenScreenVC.m */,
			);
			name = GreenScreenVC;
			sourceTree = "<group>";
		};
		CDEC98641B1DB882004C4EA9 /* HomeScreenVC */ = {
			isa = PBXGroup;
			children = (
				CDEC98651B1DB89B004C4EA9 /* HomeScreenVC.h */,
				CDEC98661B1DB89B004C4EA9 /* HomeScreenVC.m */,
			);
			name = HomeScreenVC;
			sourceTree = "<group>";
		};
		CDEC986B1B1DD0AC004C4EA9 /* DynamicsDrawerContainerVC */ = {
			isa = PBXGroup;
			children = (
				CDEC986C1B1DD0F0004C4EA9 /* DynamicsDrawerContainerVC.h */,
				CDEC986D1B1DD0F0004C4EA9 /* DynamicsDrawerContainerVC.m */,
			);
			name = DynamicsDrawerContainerVC;
			sourceTree = "<group>";
		};
/* End PBXGroup section */

/* Begin PBXNativeTarget section */
		CD9C2DAC1B1C0AFC0026D72D /* TestDynamicDrawer */ = {
			isa = PBXNativeTarget;
			buildConfigurationList = CD9C2DD01B1C0AFC0026D72D /* Build configuration list for PBXNativeTarget "TestDynamicDrawer" */;
			buildPhases = (
				A980E54B9B48F56448EE04E3 /* Check Pods Manifest.lock */,
				CD9C2DA91B1C0AFC0026D72D /* Sources */,
				CD9C2DAA1B1C0AFC0026D72D /* Frameworks */,
				CD9C2DAB1B1C0AFC0026D72D /* Resources */,
				D9328099026B685D90CDB3E7 /* Copy Pods Resources */,
			);
			buildRules = (
			);
			dependencies = (
			);
			name = TestDynamicDrawer;
			productName = TestDynamicDrawer;
			productReference = CD9C2DAD1B1C0AFC0026D72D /* TestDynamicDrawer.app */;
			productType = "com.apple.product-type.application";
		};
		CD9C2DC51B1C0AFC0026D72D /* TestDynamicDrawerTests */ = {
			isa = PBXNativeTarget;
			buildConfigurationList = CD9C2DD31B1C0AFC0026D72D /* Build configuration list for PBXNativeTarget "TestDynamicDrawerTests" */;
			buildPhases = (
				CD9C2DC21B1C0AFC0026D72D /* Sources */,
				CD9C2DC31B1C0AFC0026D72D /* Frameworks */,
				CD9C2DC41B1C0AFC0026D72D /* Resources */,
			);
			buildRules = (
			);
			dependencies = (
				CD9C2DC81B1C0AFC0026D72D /* PBXTargetDependency */,
			);
			name = TestDynamicDrawerTests;
			productName = TestDynamicDrawerTests;
			productReference = CD9C2DC61B1C0AFC0026D72D /* TestDynamicDrawerTests.xctest */;
			productType = "com.apple.product-type.bundle.unit-test";
		};
/* End PBXNativeTarget section */

/* Begin PBXProject section */
		CD9C2DA51B1C0AFC0026D72D /* Project object */ = {
			isa = PBXProject;
			attributes = {
				LastUpgradeCheck = 0630;
				ORGANIZATIONNAME = "Saugat Gautam";
				TargetAttributes = {
					CD9C2DAC1B1C0AFC0026D72D = {
						CreatedOnToolsVersion = 6.3;
						DevelopmentTeam = N7DN9W93BF;
					};
					CD9C2DC51B1C0AFC0026D72D = {
						CreatedOnToolsVersion = 6.3;
						TestTargetID = CD9C2DAC1B1C0AFC0026D72D;
					};
				};
			};
			buildConfigurationList = CD9C2DA81B1C0AFC0026D72D /* Build configuration list for PBXProject "TestDynamicDrawer" */;
			compatibilityVersion = "Xcode 3.2";
			developmentRegion = English;
			hasScannedForEncodings = 0;
			knownRegions = (
				en,
				Base,
			);
			mainGroup = CD9C2DA41B1C0AFC0026D72D;
			productRefGroup = CD9C2DAE1B1C0AFC0026D72D /* Products */;
			projectDirPath = "";
			projectRoot = "";
			targets = (
				CD9C2DAC1B1C0AFC0026D72D /* TestDynamicDrawer */,
				CD9C2DC51B1C0AFC0026D72D /* TestDynamicDrawerTests */,
			);
		};
/* End PBXProject section */

/* Begin PBXResourcesBuildPhase section */
		CD9C2DAB1B1C0AFC0026D72D /* Resources */ = {
			isa = PBXResourcesBuildPhase;
			buildActionMask = 2147483647;
			files = (
				CDEC986A1B1DC991004C4EA9 /* Main.storyboard in Resources */,
				CD9C2DC11B1C0AFC0026D72D /* LaunchScreen.xib in Resources */,
				CD9C2DBE1B1C0AFC0026D72D /* Images.xcassets in Resources */,
			);
			runOnlyForDeploymentPostprocessing = 0;
		};
		CD9C2DC41B1C0AFC0026D72D /* Resources */ = {
			isa = PBXResourcesBuildPhase;
			buildActionMask = 2147483647;
			files = (
			);
			runOnlyForDeploymentPostprocessing = 0;
		};
/* End PBXResourcesBuildPhase section */

/* Begin PBXShellScriptBuildPhase section */
		A980E54B9B48F56448EE04E3 /* Check Pods Manifest.lock */ = {
			isa = PBXShellScriptBuildPhase;
			buildActionMask = 2147483647;
			files = (
			);
			inputPaths = (
			);
			name = "Check Pods Manifest.lock";
			outputPaths = (
			);
			runOnlyForDeploymentPostprocessing = 0;
			shellPath = /bin/sh;
			shellScript = "diff \"${PODS_ROOT}/../Podfile.lock\" \"${PODS_ROOT}/Manifest.lock\" > /dev/null\nif [[ $? != 0 ]] ; then\n    cat << EOM\nerror: The sandbox is not in sync with the Podfile.lock. Run 'pod install' or update your CocoaPods installation.\nEOM\n    exit 1\nfi\n";
			showEnvVarsInLog = 0;
		};
		D9328099026B685D90CDB3E7 /* Copy Pods Resources */ = {
			isa = PBXShellScriptBuildPhase;
			buildActionMask = 2147483647;
			files = (
			);
			inputPaths = (
			);
			name = "Copy Pods Resources";
			outputPaths = (
			);
			runOnlyForDeploymentPostprocessing = 0;
			shellPath = /bin/sh;
			shellScript = "\"${SRCROOT}/Pods/Target Support Files/Pods/Pods-resources.sh\"\n";
			showEnvVarsInLog = 0;
		};
/* End PBXShellScriptBuildPhase section */

/* Begin PBXSourcesBuildPhase section */
		CD9C2DA91B1C0AFC0026D72D /* Sources */ = {
			isa = PBXSourcesBuildPhase;
			buildActionMask = 2147483647;
			files = (
				CDEC985F1B1DB831004C4EA9 /* RedScreenVC.m in Sources */,
				CDEC985B1B1DB81A004C4EA9 /* LoginScreenVC.m in Sources */,
				CDEC98671B1DB89B004C4EA9 /* HomeScreenVC.m in Sources */,
				CDEC98631B1DB84F004C4EA9 /* GreenScreenVC.m in Sources */,
				CD9C2DB61B1C0AFC0026D72D /* AppDelegate.m in Sources */,
				CD402FD61B1C13A9006FF62E /* MenuViewController.m in Sources */,
				CD9C2DB31B1C0AFC0026D72D /* main.m in Sources */,
				CDEC986E1B1DD0F0004C4EA9 /* DynamicsDrawerContainerVC.m in Sources */,
			);
			runOnlyForDeploymentPostprocessing = 0;
		};
		CD9C2DC21B1C0AFC0026D72D /* Sources */ = {
			isa = PBXSourcesBuildPhase;
			buildActionMask = 2147483647;
			files = (
				CD9C2DCD1B1C0AFC0026D72D /* TestDynamicDrawerTests.m in Sources */,
			);
			runOnlyForDeploymentPostprocessing = 0;
		};
/* End PBXSourcesBuildPhase section */

/* Begin PBXTargetDependency section */
		CD9C2DC81B1C0AFC0026D72D /* PBXTargetDependency */ = {
			isa = PBXTargetDependency;
			target = CD9C2DAC1B1C0AFC0026D72D /* TestDynamicDrawer */;
			targetProxy = CD9C2DC71B1C0AFC0026D72D /* PBXContainerItemProxy */;
		};
/* End PBXTargetDependency section */

/* Begin PBXVariantGroup section */
		CD9C2DBF1B1C0AFC0026D72D /* LaunchScreen.xib */ = {
			isa = PBXVariantGroup;
			children = (
				CD9C2DC01B1C0AFC0026D72D /* Base */,
			);
			name = LaunchScreen.xib;
			sourceTree = "<group>";
		};
		CDEC98681B1DC991004C4EA9 /* Main.storyboard */ = {
			isa = PBXVariantGroup;
			children = (
				CDEC98691B1DC991004C4EA9 /* Base */,
			);
			name = Main.storyboard;
			path = ..;
			sourceTree = "<group>";
		};
/* End PBXVariantGroup section */

/* Begin XCBuildConfiguration section */
		CD9C2DCE1B1C0AFC0026D72D /* Debug */ = {
			isa = XCBuildConfiguration;
			buildSettings = {
				ALWAYS_SEARCH_USER_PATHS = NO;
				CLANG_CXX_LANGUAGE_STANDARD = "gnu++0x";
				CLANG_CXX_LIBRARY = "libc++";
				CLANG_ENABLE_MODULES = YES;
				CLANG_ENABLE_OBJC_ARC = YES;
				CLANG_WARN_BOOL_CONVERSION = YES;
				CLANG_WARN_CONSTANT_CONVERSION = YES;
				CLANG_WARN_DIRECT_OBJC_ISA_USAGE = YES_ERROR;
				CLANG_WARN_EMPTY_BODY = YES;
				CLANG_WARN_ENUM_CONVERSION = YES;
				CLANG_WARN_INT_CONVERSION = YES;
				CLANG_WARN_OBJC_ROOT_CLASS = YES_ERROR;
				CLANG_WARN_UNREACHABLE_CODE = YES;
				CLANG_WARN__DUPLICATE_METHOD_MATCH = YES;
				"CODE_SIGN_IDENTITY[sdk=iphoneos*]" = "iPhone Developer";
				COPY_PHASE_STRIP = NO;
				DEBUG_INFORMATION_FORMAT = "dwarf-with-dsym";
				ENABLE_STRICT_OBJC_MSGSEND = YES;
				GCC_C_LANGUAGE_STANDARD = gnu99;
				GCC_DYNAMIC_NO_PIC = NO;
				GCC_NO_COMMON_BLOCKS = YES;
				GCC_OPTIMIZATION_LEVEL = 0;
				GCC_PREPROCESSOR_DEFINITIONS = (
					"DEBUG=1",
					"$(inherited)",
				);
				GCC_SYMBOLS_PRIVATE_EXTERN = NO;
				GCC_WARN_64_TO_32_BIT_CONVERSION = YES;
				GCC_WARN_ABOUT_RETURN_TYPE = YES_ERROR;
				GCC_WARN_UNDECLARED_SELECTOR = YES;
				GCC_WARN_UNINITIALIZED_AUTOS = YES_AGGRESSIVE;
				GCC_WARN_UNUSED_FUNCTION = YES;
				GCC_WARN_UNUSED_VARIABLE = YES;
				IPHONEOS_DEPLOYMENT_TARGET = 8.3;
				MTL_ENABLE_DEBUG_INFO = YES;
				ONLY_ACTIVE_ARCH = YES;
				SDKROOT = iphoneos;
				TARGETED_DEVICE_FAMILY = "1,2";
			};
			name = Debug;
		};
		CD9C2DCF1B1C0AFC0026D72D /* Release */ = {
			isa = XCBuildConfiguration;
			buildSettings = {
				ALWAYS_SEARCH_USER_PATHS = NO;
				CLANG_CXX_LANGUAGE_STANDARD = "gnu++0x";
				CLANG_CXX_LIBRARY = "libc++";
				CLANG_ENABLE_MODULES = YES;
				CLANG_ENABLE_OBJC_ARC = YES;
				CLANG_WARN_BOOL_CONVERSION = YES;
				CLANG_WARN_CONSTANT_CONVERSION = YES;
				CLANG_WARN_DIRECT_OBJC_ISA_USAGE = YES_ERROR;
				CLANG_WARN_EMPTY_BODY = YES;
				CLANG_WARN_ENUM_CONVERSION = YES;
				CLANG_WARN_INT_CONVERSION = YES;
				CLANG_WARN_OBJC_ROOT_CLASS = YES_ERROR;
				CLANG_WARN_UNREACHABLE_CODE = YES;
				CLANG_WARN__DUPLICATE_METHOD_MATCH = YES;
				"CODE_SIGN_IDENTITY[sdk=iphoneos*]" = "iPhone Developer";
				COPY_PHASE_STRIP = NO;
				DEBUG_INFORMATION_FORMAT = "dwarf-with-dsym";
				ENABLE_NS_ASSERTIONS = NO;
				ENABLE_STRICT_OBJC_MSGSEND = YES;
				GCC_C_LANGUAGE_STANDARD = gnu99;
				GCC_NO_COMMON_BLOCKS = YES;
				GCC_WARN_64_TO_32_BIT_CONVERSION = YES;
				GCC_WARN_ABOUT_RETURN_TYPE = YES_ERROR;
				GCC_WARN_UNDECLARED_SELECTOR = YES;
				GCC_WARN_UNINITIALIZED_AUTOS = YES_AGGRESSIVE;
				GCC_WARN_UNUSED_FUNCTION = YES;
				GCC_WARN_UNUSED_VARIABLE = YES;
				IPHONEOS_DEPLOYMENT_TARGET = 8.3;
				MTL_ENABLE_DEBUG_INFO = NO;
				SDKROOT = iphoneos;
				TARGETED_DEVICE_FAMILY = "1,2";
				VALIDATE_PRODUCT = YES;
			};
			name = Release;
		};
		CD9C2DD11B1C0AFC0026D72D /* Debug */ = {
			isa = XCBuildConfiguration;
			baseConfigurationReference = ED6A0B57D44BE4C1C007A147 /* Pods.debug.xcconfig */;
			buildSettings = {
				ASSETCATALOG_COMPILER_APPICON_NAME = AppIcon;
				CODE_SIGN_IDENTITY = "iPhone Developer";
				INFOPLIST_FILE = TestDynamicDrawer/Info.plist;
				IPHONEOS_DEPLOYMENT_TARGET = 7.1;
				LD_RUNPATH_SEARCH_PATHS = "$(inherited) @executable_path/Frameworks";
				PRODUCT_NAME = "$(TARGET_NAME)";
			};
			name = Debug;
		};
		CD9C2DD21B1C0AFC0026D72D /* Release */ = {
			isa = XCBuildConfiguration;
			baseConfigurationReference = C1D312EF6935D90320F0ED13 /* Pods.release.xcconfig */;
			buildSettings = {
				ASSETCATALOG_COMPILER_APPICON_NAME = AppIcon;
				CODE_SIGN_IDENTITY = "iPhone Developer";
				INFOPLIST_FILE = TestDynamicDrawer/Info.plist;
				IPHONEOS_DEPLOYMENT_TARGET = 7.1;
				LD_RUNPATH_SEARCH_PATHS = "$(inherited) @executable_path/Frameworks";
				PRODUCT_NAME = "$(TARGET_NAME)";
			};
			name = Release;
		};
		CD9C2DD41B1C0AFC0026D72D /* Debug */ = {
			isa = XCBuildConfiguration;
			buildSettings = {
				BUNDLE_LOADER = "$(TEST_HOST)";
				FRAMEWORK_SEARCH_PATHS = (
					"$(SDKROOT)/Developer/Library/Frameworks",
					"$(inherited)",
				);
				GCC_PREPROCESSOR_DEFINITIONS = (
					"DEBUG=1",
					"$(inherited)",
				);
				INFOPLIST_FILE = TestDynamicDrawerTests/Info.plist;
				LD_RUNPATH_SEARCH_PATHS = "$(inherited) @executable_path/Frameworks @loader_path/Frameworks";
				PRODUCT_NAME = "$(TARGET_NAME)";
				TEST_HOST = "$(BUILT_PRODUCTS_DIR)/TestDynamicDrawer.app/TestDynamicDrawer";
			};
			name = Debug;
		};
		CD9C2DD51B1C0AFC0026D72D /* Release */ = {
			isa = XCBuildConfiguration;
			buildSettings = {
				BUNDLE_LOADER = "$(TEST_HOST)";
				FRAMEWORK_SEARCH_PATHS = (
					"$(SDKROOT)/Developer/Library/Frameworks",
					"$(inherited)",
				);
				INFOPLIST_FILE = TestDynamicDrawerTests/Info.plist;
				LD_RUNPATH_SEARCH_PATHS = "$(inherited) @executable_path/Frameworks @loader_path/Frameworks";
				PRODUCT_NAME = "$(TARGET_NAME)";
				TEST_HOST = "$(BUILT_PRODUCTS_DIR)/TestDynamicDrawer.app/TestDynamicDrawer";
			};
			name = Release;
		};
/* End XCBuildConfiguration section */

/* Begin XCConfigurationList section */
		CD9C2DA81B1C0AFC0026D72D /* Build configuration list for PBXProject "TestDynamicDrawer" */ = {
			isa = XCConfigurationList;
			buildConfigurations = (
				CD9C2DCE1B1C0AFC0026D72D /* Debug */,
				CD9C2DCF1B1C0AFC0026D72D /* Release */,
			);
			defaultConfigurationIsVisible = 0;
			defaultConfigurationName = Release;
		};
		CD9C2DD01B1C0AFC0026D72D /* Build configuration list for PBXNativeTarget "TestDynamicDrawer" */ = {
			isa = XCConfigurationList;
			buildConfigurations = (
				CD9C2DD11B1C0AFC0026D72D /* Debug */,
				CD9C2DD21B1C0AFC0026D72D /* Release */,
			);
			defaultConfigurationIsVisible = 0;
			defaultConfigurationName = Release;
		};
		CD9C2DD31B1C0AFC0026D72D /* Build configuration list for PBXNativeTarget "TestDynamicDrawerTests" */ = {
			isa = XCConfigurationList;
			buildConfigurations = (
				CD9C2DD41B1C0AFC0026D72D /* Debug */,
				CD9C2DD51B1C0AFC0026D72D /* Release */,
			);
			defaultConfigurationIsVisible = 0;
			defaultConfigurationName = Release;
		};
/* End XCConfigurationList section */
	};
	rootObject = CD9C2DA51B1C0AFC0026D72D /* Project object */;
}
